
Microsoft Visual Studio Solution File, Format Version 12.00
# Visual Studio Version 17
VisualStudioVersion = 17.7.34024.191
MinimumVisualStudioVersion = 10.0.40219.1
Project("{8BC9CEB8-8B4A-11D0-8D11-00A0C91BC942}") = "4", "4\4.vcxproj", "{1256C9E2-2A8E-4A7E-AAA7-D26099CF9798}"
EndProject
Global
	GlobalSection(SolutionConfigurationPlatforms) = preSolution
		Debug|x64 = Debug|x64
		Debug|x86 = Debug|x86
		Release|x64 = Release|x64
		Release|x86 = Release|x86
	EndGlobalSection
	GlobalSection(ProjectConfigurationPlatforms) = postSolution
		{1256C9E2-2A8E-4A7E-AAA7-D26099CF9798}.Debug|x64.ActiveCfg = Debug|x64
		{1256C9E2-2A8E-4A7E-AAA7-D26099CF9798}.Debug|x64.Build.0 = Debug|x64
		{1256C9E2-2A8E-4A7E-AAA7-D26099CF9798}.Debug|x86.ActiveCfg = Debug|Win32
		{1256C9E2-2A8E-4A7E-AAA7-D26099CF9798}.Debug|x86.Build.0 = Debug|Win32
		{1256C9E2-2A8E-4A7E-AAA7-D26099CF9798}.Release|x64.ActiveCfg = Release|x64
		{1256C9E2-2A8E-4A7E-AAA7-D26099CF9798}.Release|x64.Build.0 = Release|x64
		{1256C9E2-2A8E-4A7E-AAA7-D26099CF9798}.Release|x86.ActiveCfg = Release|Win32
		{1256C9E2-2A8E-4A7E-AAA7-D26099CF9798}.Release|x86.Build.0 = Release|Win32
	EndGlobalSection
	GlobalSection(SolutionProperties) = preSolution
		HideSolutionNode = FALSE
	EndGlobalSection
	GlobalSection(ExtensibilityGlobals) = postSolution
		SolutionGuid = {FA054DAF-6922-4027-AD88-F7959286CB22}
	EndGlobalSection
EndGlobal
