
Microsoft Visual Studio Solution File, Format Version 12.00
# Visual Studio Version 17
VisualStudioVersion = 17.4.33213.308
MinimumVisualStudioVersion = 10.0.40219.1
Project("{8BC9CEB8-8B4A-11D0-8D11-00A0C91BC942}") = "Project1", "Project1\Project1.vcxproj", "{ED32F27A-0AE5-47E4-98D0-05BA35C27609}"
EndProject
Global
	GlobalSection(SolutionConfigurationPlatforms) = preSolution
		Debug|x64 = Debug|x64
		Debug|x86 = Debug|x86
		Release|x64 = Release|x64
		Release|x86 = Release|x86
	EndGlobalSection
	GlobalSection(ProjectConfigurationPlatforms) = postSolution
		{ED32F27A-0AE5-47E4-98D0-05BA35C27609}.Debug|x64.ActiveCfg = Debug|x64
		{ED32F27A-0AE5-47E4-98D0-05BA35C27609}.Debug|x64.Build.0 = Debug|x64
		{ED32F27A-0AE5-47E4-98D0-05BA35C27609}.Debug|x86.ActiveCfg = Debug|Win32
		{ED32F27A-0AE5-47E4-98D0-05BA35C27609}.Debug|x86.Build.0 = Debug|Win32
		{ED32F27A-0AE5-47E4-98D0-05BA35C27609}.Release|x64.ActiveCfg = Release|x64
		{ED32F27A-0AE5-47E4-98D0-05BA35C27609}.Release|x64.Build.0 = Release|x64
		{ED32F27A-0AE5-47E4-98D0-05BA35C27609}.Release|x86.ActiveCfg = Release|Win32
		{ED32F27A-0AE5-47E4-98D0-05BA35C27609}.Release|x86.Build.0 = Release|Win32
	EndGlobalSection
	GlobalSection(SolutionProperties) = preSolution
		HideSolutionNode = FALSE
	EndGlobalSection
	GlobalSection(ExtensibilityGlobals) = postSolution
		SolutionGuid = {4AF4439A-F0D6-4FE5-AD6C-B580F7AB52FE}
	EndGlobalSection
EndGlobal
