
Microsoft Visual Studio Solution File, Format Version 12.00
# Visual Studio Version 17
VisualStudioVersion = 17.5.33516.290
MinimumVisualStudioVersion = 10.0.40219.1
Project("{8BC9CEB8-8B4A-11D0-8D11-00A0C91BC942}") = "13", "13\13.vcxproj", "{E526EAA9-7DF5-4BAD-A648-538357F1DAA0}"
EndProject
Global
	GlobalSection(SolutionConfigurationPlatforms) = preSolution
		Debug|x64 = Debug|x64
		Debug|x86 = Debug|x86
		Release|x64 = Release|x64
		Release|x86 = Release|x86
	EndGlobalSection
	GlobalSection(ProjectConfigurationPlatforms) = postSolution
		{E526EAA9-7DF5-4BAD-A648-538357F1DAA0}.Debug|x64.ActiveCfg = Debug|x64
		{E526EAA9-7DF5-4BAD-A648-538357F1DAA0}.Debug|x64.Build.0 = Debug|x64
		{E526EAA9-7DF5-4BAD-A648-538357F1DAA0}.Debug|x86.ActiveCfg = Debug|Win32
		{E526EAA9-7DF5-4BAD-A648-538357F1DAA0}.Debug|x86.Build.0 = Debug|Win32
		{E526EAA9-7DF5-4BAD-A648-538357F1DAA0}.Release|x64.ActiveCfg = Release|x64
		{E526EAA9-7DF5-4BAD-A648-538357F1DAA0}.Release|x64.Build.0 = Release|x64
		{E526EAA9-7DF5-4BAD-A648-538357F1DAA0}.Release|x86.ActiveCfg = Release|Win32
		{E526EAA9-7DF5-4BAD-A648-538357F1DAA0}.Release|x86.Build.0 = Release|Win32
	EndGlobalSection
	GlobalSection(SolutionProperties) = preSolution
		HideSolutionNode = FALSE
	EndGlobalSection
	GlobalSection(ExtensibilityGlobals) = postSolution
		SolutionGuid = {613822A1-970F-439E-AFDD-071F8AF741CC}
	EndGlobalSection
EndGlobal
